{
  "version": 4,
  "terraform_version": "1.1.1",
  "serial": 23,
  "lineage": "78df1232-7ba5-5062-8d91-b4aa32b8bc80",
  "outputs": {
    "tls_private_key": {
      "value": "-----BEGIN RSA PRIVATE KEY-----\nMIIJKwIBAAKCAgEA3z+IP0NsAsVg8+RSs8Q7VuVw+l84ABswYe1CT20oc02rKOBB\nXYIHGYEW98w4kp2tCXGNL8ch8EGIv2QzkgkytCQKwsdJMM49jJKAhORDI9rqcO4g\n92RBrFGP//pk6gANiBQJdgFVmPAXdIT9amozDwSAR0n/tOi25KxV/R8gKc7NxgtZ\np0e6CQwVnXSqRsUMNhA12StiUhiwKrpU3Dz12IYQLUwqCdrgpp8GaDT4D0HWo8Lt\nGvJxWHwAm/SrmVv2nCAdcmGY71UBXbsizXs226g5jXYOQFbh8tams9ulNsSWlrFb\nr+ECp4R5LSICtog9aqDqLBOJ+Vr5Brs1FVYPe5pQn7S5jPuQSPrD2LAQr/XPlVkN\n4iQObmggbiKf2DS+OtVQs1HhlDFNrM3pOIGDIhXE2l9uLlwCTWe4Pmo3ceZ9PDAJ\nGIyJBpAMsOu+tZkwmZkIoK/pMs/rs8aDrxiXMdZL2O5AoQLg//QIX8dJ2IHGsodS\nfW8fO3hpQm2bXgsXbNSc4O15rOUHgeJYRmZBbiBDkTpC0Evwc0BNwKqH9Ym+Vtzy\n46oOxxtbdhS4vId/1UUTpjr2LrwZmRoMptv/hH9trBqr2hGxMyih6bpq7AINiZUy\nrOFb/0tR2K67Dls68tU7TRNaDsrG3wZuxRxn3XLwTuTn8Me4cDo9jSUwGZ0CAwEA\nAQKCAgEAvv4XjigcS/KZE48OwgTrz1fT5B96RXz9U4or5M+6f4q/F+VjhqAresJZ\n5/2rmKOU2jNvWqS+gFFQsI0FIbcEzeDX4/OixkJrncvob8jpN8+eKqdPRNdc6BOP\nYqvRkfAho32g6ngRxxoAtwrf0x6wN/Td2h+QyDEf51sY5civN5VZrkkflmFi40KX\na3HYC1uhKs+LghP/tcSxUpy+5PyyR1/KjzZN8Mh00ZfTX2uRnVvySYAGYbtxBQZx\nbvtPo5Bt1vwStTySHo9W792d1LXJJPsy4bdSUfECtUK2s8ECA20EeD+b9UhHgRFw\nqhAiyg6cnJC2Rqcgr1gJHJ0kuPA7pSYu9nv/V5NlyMDceA+C1x9TnoUDLFUuCwZR\nJtyYybEZKvIcVQk3AJnwURrTxNpuf1SOI1p2zqK5URQur19GAgFD3o4TM9yg1P0b\nVEg1JSRLcllGYIi/225Pwrui6udt0OXUEuy2ykk6apO6bUpSg9jz+1knLORAXAq2\n4seulmyZHZ2rKkbwpDJwYq5fMfEKmeNgVqNwrEXFBu2veWtfZl/OlY7qFlho0JJ4\nlvIoI7hgWnIroOxfijDTJg0lT8HdNG8pMpPhPUhTHZWZLKbbr4oV2sY3N+75BHmW\nyGPpnDbHC2X+Al1CMDnOtYDADrUjZbuFKQTNtubGZ95VHWGqOoECggEBAPNBpwSR\nAqEfDymICj/UUjskC+2lBap467ylBD/bxm2vvZHR1/HjmZTBHuHe59Uj54WDfuWO\nYZYNlkIr2FoQXHWYJNU3fabobxGy8Z2QTUqQfdytFEgJROCgYbxVODquTsUkW0zP\nYx8pj4hPsHz+/pbdRLpmM644esJeCdeYaJtZJtH4uS75uB+Bm6ajjbXZyppZnCCU\nFtED+dkvj8sLfbaTCQqZtPmJzdi1bA8vUREX9D8zZ88HYOgcegohME4tkGTjxbDH\nQTqf0dj6DAfCBLI6kwRLJO6tZc6nzaP97cT3L8/vp3AKKr4mP6tg0ofapeJlNqJ2\nS1BNdujq01Tv87UCggEBAOrxi7uL5WJvfXi9v0xMVa7urvLAwesLZo+FEdRNgqfn\nemr3YcTvO2NTP23j2oQ2o56j6GUP61blQ+71tVFiO8eL+/gF9TFTlddK5IdSRVgZ\n/LPl9aTtjZ8HmDFZaJeg2qYuJ0uYjKj6UjP+qnvE6jFfkwje5D9Vib35oF2uOX16\nwublNdDStlCBgs/smz9HK8vtFuznSbuSGmItAbjIMvA9hlcplPQ1OwfVrqel66uS\nErmLDG8uftrZh+S/aEaR1oiIUkqbvQywFN//hU1eYJwyIWl23yok4HJ6AEEQTIJO\nWD9P9KGOZm7H0bXx6l/ets/G2cC0nr5GQIrGl00MD0kCggEBAOUskhxkPbTsHQ3E\no9tUvhAHutEuKnNbrsQwNxuug3gtHIz3xNmX0sZpVx33MjUEuYd4xiGhDWEf9dLr\nmc3oIiOLrg/OUqvfyVxEWQtXuumnzVwNF9FyIhj6IHodU3c9ZuqmgPmRXNIsBpSm\ndyCb3+DkH275AHF/tm/Nxrn+VXcd+8vP5y9Rhtzv72OELOsJf64BBG1Q91n9w/KQ\ns4jYj5xlVBxPiUebQ3qKGX8I1fgjuDGezYsnaW3j/jny4J6WoLXcPRB5+IMxtLMV\niCX67Q+4zW87GFVguUyDnOKGRe7N7paZMwcEHRa91DgyZMYnASeUsW9HwVarVH7F\nVUptMg0CggEBANQ1Rowo6RDHOSKk6LQGwuHVzwmO19jwnDuH6znCpP/5kdYqChIy\nL4cge0tLomUHYTR6Qf9+qIf9XyXoo1SWEP7FTtqQrw5VvCMRD2e3BNF1742iaQUG\nWIPK/Umdw14puTSevXmHmY1LRJKYNO7ERvA/rnQ1tx4JqfeBELttEZpoFsEtSTWM\nDYab5EbgJL28EDAKv0lOA4g7iD8i/cokcfYS7FOwSE1oAyCpfi8JK9v1fZo/oQSP\nj58nGpqf1JThR1BdKU8galqadNB6YLIoS8Tpdspmx12un1hnH/GkwiZ0kzrkgkam\nc5kePSpFDvh3FtKHfsmTm0qr88IlbCX4fZkCggEBAJJN7Zfp9SzmEtmkQqEynpz8\nfVVv0neRRiZC43DQu0osLamQFMyEv6RoSJNn2N3GG7u34VUoPR7hNvkkUMcsY6Xd\n0TRqmNQenPy7fTPA6+U7/uQ0fxKjF5Oq/X4hWhPRuhppQJQCJmq1RV1qR6nr1DxJ\nlqRQII1HUyp7VRXiwDxZO2vOTDO50CoJwwgwt8ZiGIa5M+42yIMwdgGBTWM7uGc8\n6FAQoM78Z51cGktqxOTkJjVbCbXz+5fcdMAfGSaSAUamMcr1YHl4CkMeqYDRB51a\nlMsSFMySUVdLARk2X3qyrtBN6gYXPX8Hc/LdX+838w9aGFyH+vQnaYiwg7K9AkI=\n-----END RSA PRIVATE KEY-----\n",
      "type": "string",
      "sensitive": true
    }
  },
  "resources": [
    {
      "mode": "managed",
      "type": "azurerm_linux_virtual_machine",
      "name": "myterraformvm",
      "provider": "provider[\"registry.terraform.io/hashicorp/azurerm\"]",
      "instances": [
        {
          "schema_version": 0,
          "attributes": {
            "additional_capabilities": [],
            "admin_password": "Lookingfordroids?",
            "admin_ssh_key": [],
            "admin_username": "windu",
            "allow_extension_operations": true,
            "availability_set_id": "",
            "boot_diagnostics": [
              {
                "storage_account_uri": "https://uglychickenbootdiag.blob.core.windows.net/"
              }
            ],
            "computer_name": "uglychicken-vm",
            "custom_data": null,
            "dedicated_host_id": "",
            "disable_password_authentication": false,
            "encryption_at_host_enabled": false,
            "eviction_policy": "",
            "extensions_time_budget": "PT1H30M",
            "id": "/subscriptions/6ecb8ea4-cfdc-45a2-ae26-40713a51960f/resourceGroups/uglychicken-rg/providers/Microsoft.Compute/virtualMachines/uglychicken-vm",
            "identity": [],
            "license_type": "",
            "location": "eastus",
            "max_bid_price": -1,
            "name": "uglychicken-vm",
            "network_interface_ids": [
              "/subscriptions/6ecb8ea4-cfdc-45a2-ae26-40713a51960f/resourceGroups/uglychicken-rg/providers/Microsoft.Network/networkInterfaces/uglychicken-vm"
            ],
            "os_disk": [
              {
                "caching": "ReadWrite",
                "diff_disk_settings": [],
                "disk_encryption_set_id": "",
                "disk_size_gb": 30,
                "name": "myOsDisk",
                "storage_account_type": "Standard_LRS",
                "write_accelerator_enabled": false
              }
            ],
            "patch_mode": "ImageDefault",
            "plan": [],
            "platform_fault_domain": -1,
            "priority": "Regular",
            "private_ip_address": "10.100.1.4",
            "private_ip_addresses": [
              "10.100.1.4"
            ],
            "provision_vm_agent": true,
            "proximity_placement_group_id": "",
            "public_ip_address": "20.39.41.117",
            "public_ip_addresses": [
              "20.39.41.117"
            ],
            "resource_group_name": "uglychicken-rg",
            "secret": [],
            "secure_boot_enabled": false,
            "size": "Standard_DS1_v2",
            "source_image_id": "",
            "source_image_reference": [
              {
                "offer": "0001-com-ubuntu-server-focal",
                "publisher": "Canonical",
                "sku": "20_04-lts",
                "version": "latest"
              }
            ],
            "tags": {
              "environment": "Terraform Demo"
            },
            "timeouts": null,
            "virtual_machine_id": "f2ad86df-3957-441f-b1b0-706d330efc18",
            "virtual_machine_scale_set_id": "",
            "vtpm_enabled": false,
            "zone": ""
          },
          "sensitive_attributes": [],
          "private": "eyJlMmJmYjczMC1lY2FhLTExZTYtOGY4OC0zNDM2M2JjN2M0YzAiOnsiY3JlYXRlIjoyNzAwMDAwMDAwMDAwLCJkZWxldGUiOjI3MDAwMDAwMDAwMDAsInJlYWQiOjMwMDAwMDAwMDAwMCwidXBkYXRlIjoyNzAwMDAwMDAwMDAwfX0=",
          "dependencies": [
            "azurerm_network_interface.myterraformnic",
            "azurerm_resource_group.myterraformgroup",
            "azurerm_storage_account.mystorageaccount"
          ]
        }
      ]
    },
    {
      "mode": "managed",
      "type": "azurerm_network_interface",
      "name": "myterraformnic",
      "provider": "provider[\"registry.terraform.io/hashicorp/azurerm\"]",
      "instances": [
        {
          "schema_version": 0,
          "attributes": {
            "applied_dns_servers": [],
            "dns_servers": [],
            "enable_accelerated_networking": false,
            "enable_ip_forwarding": false,
            "id": "/subscriptions/6ecb8ea4-cfdc-45a2-ae26-40713a51960f/resourceGroups/uglychicken-rg/providers/Microsoft.Network/networkInterfaces/uglychicken-vm",
            "internal_dns_name_label": "",
            "internal_domain_name_suffix": "pv01lbjluzhebmc1aetuopaneb.bx.internal.cloudapp.net",
            "ip_configuration": [
              {
                "gateway_load_balancer_frontend_ip_configuration_id": "",
                "name": "primary",
                "primary": true,
                "private_ip_address": "10.100.1.4",
                "private_ip_address_allocation": "Dynamic",
                "private_ip_address_version": "IPv4",
                "public_ip_address_id": "/subscriptions/6ecb8ea4-cfdc-45a2-ae26-40713a51960f/resourceGroups/uglychicken-rg/providers/Microsoft.Network/publicIPAddresses/uglychicken-pub-ip",
                "subnet_id": "/subscriptions/6ecb8ea4-cfdc-45a2-ae26-40713a51960f/resourceGroups/uglychicken-rg/providers/Microsoft.Network/virtualNetworks/uglychicken-vnet/subnets/uglychicken-subnet"
              }
            ],
            "location": "eastus",
            "mac_address": "",
            "name": "uglychicken-vm",
            "private_ip_address": "10.100.1.4",
            "private_ip_addresses": [
              "10.100.1.4"
            ],
            "resource_group_name": "uglychicken-rg",
            "tags": {
              "environment": "Terraform Demo"
            },
            "timeouts": null,
            "virtual_machine_id": ""
          },
          "sensitive_attributes": [],
          "private": "eyJlMmJmYjczMC1lY2FhLTExZTYtOGY4OC0zNDM2M2JjN2M0YzAiOnsiY3JlYXRlIjoxODAwMDAwMDAwMDAwLCJkZWxldGUiOjE4MDAwMDAwMDAwMDAsInJlYWQiOjMwMDAwMDAwMDAwMCwidXBkYXRlIjoxODAwMDAwMDAwMDAwfX0=",
          "dependencies": [
            "azurerm_public_ip.myterraformpublicip",
            "azurerm_resource_group.myterraformgroup",
            "azurerm_subnet.myterraformsubnet",
            "azurerm_virtual_network.myterraformnetwork"
          ]
        }
      ]
    },
    {
      "mode": "managed",
      "type": "azurerm_network_interface_security_group_association",
      "name": "example",
      "provider": "provider[\"registry.terraform.io/hashicorp/azurerm\"]",
      "instances": [
        {
          "schema_version": 0,
          "attributes": {
            "id": "/subscriptions/6ecb8ea4-cfdc-45a2-ae26-40713a51960f/resourceGroups/uglychicken-rg/providers/Microsoft.Network/networkInterfaces/uglychicken-vm|/subscriptions/6ecb8ea4-cfdc-45a2-ae26-40713a51960f/resourceGroups/uglychicken-rg/providers/Microsoft.Network/networkSecurityGroups/uglychicken-nsg",
            "network_interface_id": "/subscriptions/6ecb8ea4-cfdc-45a2-ae26-40713a51960f/resourceGroups/uglychicken-rg/providers/Microsoft.Network/networkInterfaces/uglychicken-vm",
            "network_security_group_id": "/subscriptions/6ecb8ea4-cfdc-45a2-ae26-40713a51960f/resourceGroups/uglychicken-rg/providers/Microsoft.Network/networkSecurityGroups/uglychicken-nsg",
            "timeouts": null
          },
          "sensitive_attributes": [],
          "private": "eyJlMmJmYjczMC1lY2FhLTExZTYtOGY4OC0zNDM2M2JjN2M0YzAiOnsiY3JlYXRlIjoxODAwMDAwMDAwMDAwLCJkZWxldGUiOjE4MDAwMDAwMDAwMDAsInJlYWQiOjMwMDAwMDAwMDAwMCwidXBkYXRlIjoxODAwMDAwMDAwMDAwfX0=",
          "dependencies": [
            "azurerm_resource_group.myterraformgroup",
            "azurerm_subnet.myterraformsubnet",
            "azurerm_virtual_network.myterraformnetwork",
            "azurerm_network_interface.myterraformnic",
            "azurerm_network_security_group.myterraformnsg",
            "azurerm_public_ip.myterraformpublicip"
          ]
        }
      ]
    },
    {
      "mode": "managed",
      "type": "azurerm_network_security_group",
      "name": "myterraformnsg",
      "provider": "provider[\"registry.terraform.io/hashicorp/azurerm\"]",
      "instances": [
        {
          "schema_version": 0,
          "attributes": {
            "id": "/subscriptions/6ecb8ea4-cfdc-45a2-ae26-40713a51960f/resourceGroups/uglychicken-rg/providers/Microsoft.Network/networkSecurityGroups/uglychicken-nsg",
            "location": "eastus",
            "name": "uglychicken-nsg",
            "resource_group_name": "uglychicken-rg",
            "security_rule": [
              {
                "access": "Allow",
                "description": "",
                "destination_address_prefix": "*",
                "destination_address_prefixes": [],
                "destination_application_security_group_ids": [],
                "destination_port_range": "22",
                "destination_port_ranges": [],
                "direction": "Inbound",
                "name": "SSH",
                "priority": 1001,
                "protocol": "Tcp",
                "source_address_prefix": "*",
                "source_address_prefixes": [],
                "source_application_security_group_ids": [],
                "source_port_range": "*",
                "source_port_ranges": []
              }
            ],
            "tags": {
              "environment": "Terraform Demo"
            },
            "timeouts": null
          },
          "sensitive_attributes": [],
          "private": "eyJlMmJmYjczMC1lY2FhLTExZTYtOGY4OC0zNDM2M2JjN2M0YzAiOnsiY3JlYXRlIjoxODAwMDAwMDAwMDAwLCJkZWxldGUiOjE4MDAwMDAwMDAwMDAsInJlYWQiOjMwMDAwMDAwMDAwMCwidXBkYXRlIjoxODAwMDAwMDAwMDAwfX0=",
          "dependencies": [
            "azurerm_resource_group.myterraformgroup"
          ]
        }
      ]
    },
    {
      "mode": "managed",
      "type": "azurerm_public_ip",
      "name": "myterraformpublicip",
      "provider": "provider[\"registry.terraform.io/hashicorp/azurerm\"]",
      "instances": [
        {
          "schema_version": 0,
          "attributes": {
            "allocation_method": "Dynamic",
            "availability_zone": "No-Zone",
            "domain_name_label": null,
            "fqdn": null,
            "id": "/subscriptions/6ecb8ea4-cfdc-45a2-ae26-40713a51960f/resourceGroups/uglychicken-rg/providers/Microsoft.Network/publicIPAddresses/uglychicken-pub-ip",
            "idle_timeout_in_minutes": 4,
            "ip_address": "",
            "ip_tags": {},
            "ip_version": "IPv4",
            "location": "eastus",
            "name": "uglychicken-pub-ip",
            "public_ip_prefix_id": null,
            "resource_group_name": "uglychicken-rg",
            "reverse_fqdn": null,
            "sku": "Basic",
            "sku_tier": "Regional",
            "tags": {
              "environment": "Terraform Demo"
            },
            "timeouts": null,
            "zones": []
          },
          "sensitive_attributes": [],
          "private": "eyJlMmJmYjczMC1lY2FhLTExZTYtOGY4OC0zNDM2M2JjN2M0YzAiOnsiY3JlYXRlIjoxODAwMDAwMDAwMDAwLCJkZWxldGUiOjE4MDAwMDAwMDAwMDAsInJlYWQiOjMwMDAwMDAwMDAwMCwidXBkYXRlIjoxODAwMDAwMDAwMDAwfX0=",
          "dependencies": [
            "azurerm_resource_group.myterraformgroup"
          ]
        }
      ]
    },
    {
      "mode": "managed",
      "type": "azurerm_resource_group",
      "name": "myterraformgroup",
      "provider": "provider[\"registry.terraform.io/hashicorp/azurerm\"]",
      "instances": [
        {
          "schema_version": 0,
          "attributes": {
            "id": "/subscriptions/6ecb8ea4-cfdc-45a2-ae26-40713a51960f/resourceGroups/uglychicken-rg",
            "location": "eastus",
            "name": "uglychicken-rg",
            "tags": {
              "environment": "Terraform Demo"
            },
            "timeouts": null
          },
          "sensitive_attributes": [],
          "private": "eyJlMmJmYjczMC1lY2FhLTExZTYtOGY4OC0zNDM2M2JjN2M0YzAiOnsiY3JlYXRlIjo1NDAwMDAwMDAwMDAwLCJkZWxldGUiOjU0MDAwMDAwMDAwMDAsInJlYWQiOjMwMDAwMDAwMDAwMCwidXBkYXRlIjo1NDAwMDAwMDAwMDAwfX0="
        }
      ]
    },
    {
      "mode": "managed",
      "type": "azurerm_storage_account",
      "name": "mystorageaccount",
      "provider": "provider[\"registry.terraform.io/hashicorp/azurerm\"]",
      "instances": [
        {
          "schema_version": 2,
          "attributes": {
            "access_tier": "Hot",
            "account_kind": "StorageV2",
            "account_replication_type": "LRS",
            "account_tier": "Standard",
            "allow_blob_public_access": false,
            "azure_files_authentication": [],
            "blob_properties": [
              {
                "change_feed_enabled": false,
                "container_delete_retention_policy": [],
                "cors_rule": [],
                "default_service_version": "",
                "delete_retention_policy": [],
                "last_access_time_enabled": false,
                "versioning_enabled": false
              }
            ],
            "custom_domain": [],
            "enable_https_traffic_only": true,
            "id": "/subscriptions/6ecb8ea4-cfdc-45a2-ae26-40713a51960f/resourceGroups/uglychicken-rg/providers/Microsoft.Storage/storageAccounts/uglychickenbootdiag",
            "identity": [],
            "is_hns_enabled": false,
            "large_file_share_enabled": null,
            "location": "eastus",
            "min_tls_version": "TLS1_0",
            "name": "uglychickenbootdiag",
            "network_rules": [
              {
                "bypass": [
                  "AzureServices"
                ],
                "default_action": "Allow",
                "ip_rules": [],
                "private_link_access": [],
                "virtual_network_subnet_ids": []
              }
            ],
            "nfsv3_enabled": false,
            "primary_access_key": "QFv2VnZCB1VltH2cQm63p7nbTtNDjuReT3Ft2loYZgh7CBv/T/pvgh4DY+fVf8yZBmf9eHWvME8giM2Cs1By3w==",
            "primary_blob_connection_string": "DefaultEndpointsProtocol=https;BlobEndpoint=https://uglychickenbootdiag.blob.core.windows.net/;AccountName=uglychickenbootdiag;AccountKey=QFv2VnZCB1VltH2cQm63p7nbTtNDjuReT3Ft2loYZgh7CBv/T/pvgh4DY+fVf8yZBmf9eHWvME8giM2Cs1By3w==",
            "primary_blob_endpoint": "https://uglychickenbootdiag.blob.core.windows.net/",
            "primary_blob_host": "uglychickenbootdiag.blob.core.windows.net",
            "primary_connection_string": "DefaultEndpointsProtocol=https;AccountName=uglychickenbootdiag;AccountKey=QFv2VnZCB1VltH2cQm63p7nbTtNDjuReT3Ft2loYZgh7CBv/T/pvgh4DY+fVf8yZBmf9eHWvME8giM2Cs1By3w==;EndpointSuffix=core.windows.net",
            "primary_dfs_endpoint": "https://uglychickenbootdiag.dfs.core.windows.net/",
            "primary_dfs_host": "uglychickenbootdiag.dfs.core.windows.net",
            "primary_file_endpoint": "https://uglychickenbootdiag.file.core.windows.net/",
            "primary_file_host": "uglychickenbootdiag.file.core.windows.net",
            "primary_location": "eastus",
            "primary_queue_endpoint": "https://uglychickenbootdiag.queue.core.windows.net/",
            "primary_queue_host": "uglychickenbootdiag.queue.core.windows.net",
            "primary_table_endpoint": "https://uglychickenbootdiag.table.core.windows.net/",
            "primary_table_host": "uglychickenbootdiag.table.core.windows.net",
            "primary_web_endpoint": "https://uglychickenbootdiag.z13.web.core.windows.net/",
            "primary_web_host": "uglychickenbootdiag.z13.web.core.windows.net",
            "queue_encryption_key_type": "Service",
            "queue_properties": [
              {
                "cors_rule": [],
                "hour_metrics": [
                  {
                    "enabled": true,
                    "include_apis": true,
                    "retention_policy_days": 7,
                    "version": "1.0"
                  }
                ],
                "logging": [
                  {
                    "delete": false,
                    "read": false,
                    "retention_policy_days": 0,
                    "version": "1.0",
                    "write": false
                  }
                ],
                "minute_metrics": [
                  {
                    "enabled": false,
                    "include_apis": false,
                    "retention_policy_days": 0,
                    "version": "1.0"
                  }
                ]
              }
            ],
            "resource_group_name": "uglychicken-rg",
            "routing": [],
            "secondary_access_key": "W0m5oBNL623toGrB1ZWlqe9fftIbYl2G6InT6w+WorzOf2hhRGzPjoJhRgUL4iMwiSIdjOx9VwHEul8fP3RSQg==",
            "secondary_blob_connection_string": "",
            "secondary_blob_endpoint": null,
            "secondary_blob_host": null,
            "secondary_connection_string": "DefaultEndpointsProtocol=https;AccountName=uglychickenbootdiag;AccountKey=W0m5oBNL623toGrB1ZWlqe9fftIbYl2G6InT6w+WorzOf2hhRGzPjoJhRgUL4iMwiSIdjOx9VwHEul8fP3RSQg==;EndpointSuffix=core.windows.net",
            "secondary_dfs_endpoint": null,
            "secondary_dfs_host": null,
            "secondary_file_endpoint": null,
            "secondary_file_host": null,
            "secondary_location": "",
            "secondary_queue_endpoint": null,
            "secondary_queue_host": null,
            "secondary_table_endpoint": null,
            "secondary_table_host": null,
            "secondary_web_endpoint": null,
            "secondary_web_host": null,
            "share_properties": [
              {
                "cors_rule": [],
                "retention_policy": [
                  {
                    "days": 7
                  }
                ],
                "smb": []
              }
            ],
            "shared_access_key_enabled": true,
            "static_website": [],
            "table_encryption_key_type": "Service",
            "tags": {
              "environment": "Terraform Demo"
            },
            "timeouts": null
          },
          "sensitive_attributes": [],
          "private": "eyJlMmJmYjczMC1lY2FhLTExZTYtOGY4OC0zNDM2M2JjN2M0YzAiOnsiY3JlYXRlIjozNjAwMDAwMDAwMDAwLCJkZWxldGUiOjM2MDAwMDAwMDAwMDAsInJlYWQiOjMwMDAwMDAwMDAwMCwidXBkYXRlIjozNjAwMDAwMDAwMDAwfSwic2NoZW1hX3ZlcnNpb24iOiIyIn0=",
          "dependencies": [
            "azurerm_resource_group.myterraformgroup"
          ]
        }
      ]
    },
    {
      "mode": "managed",
      "type": "azurerm_subnet",
      "name": "myterraformsubnet",
      "provider": "provider[\"registry.terraform.io/hashicorp/azurerm\"]",
      "instances": [
        {
          "schema_version": 0,
          "attributes": {
            "address_prefix": "10.100.1.0/24",
            "address_prefixes": [
              "10.100.1.0/24"
            ],
            "delegation": [],
            "enforce_private_link_endpoint_network_policies": false,
            "enforce_private_link_service_network_policies": false,
            "id": "/subscriptions/6ecb8ea4-cfdc-45a2-ae26-40713a51960f/resourceGroups/uglychicken-rg/providers/Microsoft.Network/virtualNetworks/uglychicken-vnet/subnets/uglychicken-subnet",
            "name": "uglychicken-subnet",
            "resource_group_name": "uglychicken-rg",
            "service_endpoint_policy_ids": [],
            "service_endpoints": [],
            "timeouts": null,
            "virtual_network_name": "uglychicken-vnet"
          },
          "sensitive_attributes": [],
          "private": "eyJlMmJmYjczMC1lY2FhLTExZTYtOGY4OC0zNDM2M2JjN2M0YzAiOnsiY3JlYXRlIjoxODAwMDAwMDAwMDAwLCJkZWxldGUiOjE4MDAwMDAwMDAwMDAsInJlYWQiOjMwMDAwMDAwMDAwMCwidXBkYXRlIjoxODAwMDAwMDAwMDAwfX0=",
          "dependencies": [
            "azurerm_resource_group.myterraformgroup",
            "azurerm_virtual_network.myterraformnetwork"
          ]
        }
      ]
    },
    {
      "mode": "managed",
      "type": "azurerm_virtual_network",
      "name": "myterraformnetwork",
      "provider": "provider[\"registry.terraform.io/hashicorp/azurerm\"]",
      "instances": [
        {
          "schema_version": 0,
          "attributes": {
            "address_space": [
              "10.100.0.0/16"
            ],
            "bgp_community": "",
            "ddos_protection_plan": [],
            "dns_servers": [],
            "flow_timeout_in_minutes": 0,
            "guid": "85b5757d-a62b-404e-b05b-0127473c0d21",
            "id": "/subscriptions/6ecb8ea4-cfdc-45a2-ae26-40713a51960f/resourceGroups/uglychicken-rg/providers/Microsoft.Network/virtualNetworks/uglychicken-vnet",
            "location": "eastus",
            "name": "uglychicken-vnet",
            "resource_group_name": "uglychicken-rg",
            "subnet": [
              {
                "address_prefix": "10.100.1.0/24",
                "id": "/subscriptions/6ecb8ea4-cfdc-45a2-ae26-40713a51960f/resourceGroups/uglychicken-rg/providers/Microsoft.Network/virtualNetworks/uglychicken-vnet/subnets/uglychicken-subnet",
                "name": "uglychicken-subnet",
                "security_group": ""
              }
            ],
            "tags": {
              "environment": "Terraform Demo"
            },
            "timeouts": null,
            "vm_protection_enabled": false
          },
          "sensitive_attributes": [],
          "private": "eyJlMmJmYjczMC1lY2FhLTExZTYtOGY4OC0zNDM2M2JjN2M0YzAiOnsiY3JlYXRlIjoxODAwMDAwMDAwMDAwLCJkZWxldGUiOjE4MDAwMDAwMDAwMDAsInJlYWQiOjMwMDAwMDAwMDAwMCwidXBkYXRlIjoxODAwMDAwMDAwMDAwfX0=",
          "dependencies": [
            "azurerm_resource_group.myterraformgroup"
          ]
        }
      ]
    },
    {
      "mode": "managed",
      "type": "random_id",
      "name": "randomId",
      "provider": "provider[\"registry.terraform.io/hashicorp/random\"]",
      "instances": [
        {
          "schema_version": 0,
          "attributes": {
            "b64_std": "PfVw5UAQjRw=",
            "b64_url": "PfVw5UAQjRw",
            "byte_length": 8,
            "dec": "4464598735532363036",
            "hex": "3df570e540108d1c",
            "id": "PfVw5UAQjRw",
            "keepers": {
              "resource_group": "uglychicken-rg"
            },
            "prefix": null
          },
          "sensitive_attributes": [],
          "private": "bnVsbA==",
          "dependencies": [
            "azurerm_resource_group.myterraformgroup"
          ]
        }
      ]
    },
    {
      "mode": "managed",
      "type": "tls_private_key",
      "name": "example_ssh",
      "provider": "provider[\"registry.terraform.io/hashicorp/tls\"]",
      "instances": [
        {
          "schema_version": 0,
          "attributes": {
            "algorithm": "RSA",
            "ecdsa_curve": "P224",
            "id": "f7b3e6d6feafc1adf576962421ada00236b55f82",
            "private_key_pem": "-----BEGIN RSA PRIVATE KEY-----\nMIIJKwIBAAKCAgEA3z+IP0NsAsVg8+RSs8Q7VuVw+l84ABswYe1CT20oc02rKOBB\nXYIHGYEW98w4kp2tCXGNL8ch8EGIv2QzkgkytCQKwsdJMM49jJKAhORDI9rqcO4g\n92RBrFGP//pk6gANiBQJdgFVmPAXdIT9amozDwSAR0n/tOi25KxV/R8gKc7NxgtZ\np0e6CQwVnXSqRsUMNhA12StiUhiwKrpU3Dz12IYQLUwqCdrgpp8GaDT4D0HWo8Lt\nGvJxWHwAm/SrmVv2nCAdcmGY71UBXbsizXs226g5jXYOQFbh8tams9ulNsSWlrFb\nr+ECp4R5LSICtog9aqDqLBOJ+Vr5Brs1FVYPe5pQn7S5jPuQSPrD2LAQr/XPlVkN\n4iQObmggbiKf2DS+OtVQs1HhlDFNrM3pOIGDIhXE2l9uLlwCTWe4Pmo3ceZ9PDAJ\nGIyJBpAMsOu+tZkwmZkIoK/pMs/rs8aDrxiXMdZL2O5AoQLg//QIX8dJ2IHGsodS\nfW8fO3hpQm2bXgsXbNSc4O15rOUHgeJYRmZBbiBDkTpC0Evwc0BNwKqH9Ym+Vtzy\n46oOxxtbdhS4vId/1UUTpjr2LrwZmRoMptv/hH9trBqr2hGxMyih6bpq7AINiZUy\nrOFb/0tR2K67Dls68tU7TRNaDsrG3wZuxRxn3XLwTuTn8Me4cDo9jSUwGZ0CAwEA\nAQKCAgEAvv4XjigcS/KZE48OwgTrz1fT5B96RXz9U4or5M+6f4q/F+VjhqAresJZ\n5/2rmKOU2jNvWqS+gFFQsI0FIbcEzeDX4/OixkJrncvob8jpN8+eKqdPRNdc6BOP\nYqvRkfAho32g6ngRxxoAtwrf0x6wN/Td2h+QyDEf51sY5civN5VZrkkflmFi40KX\na3HYC1uhKs+LghP/tcSxUpy+5PyyR1/KjzZN8Mh00ZfTX2uRnVvySYAGYbtxBQZx\nbvtPo5Bt1vwStTySHo9W792d1LXJJPsy4bdSUfECtUK2s8ECA20EeD+b9UhHgRFw\nqhAiyg6cnJC2Rqcgr1gJHJ0kuPA7pSYu9nv/V5NlyMDceA+C1x9TnoUDLFUuCwZR\nJtyYybEZKvIcVQk3AJnwURrTxNpuf1SOI1p2zqK5URQur19GAgFD3o4TM9yg1P0b\nVEg1JSRLcllGYIi/225Pwrui6udt0OXUEuy2ykk6apO6bUpSg9jz+1knLORAXAq2\n4seulmyZHZ2rKkbwpDJwYq5fMfEKmeNgVqNwrEXFBu2veWtfZl/OlY7qFlho0JJ4\nlvIoI7hgWnIroOxfijDTJg0lT8HdNG8pMpPhPUhTHZWZLKbbr4oV2sY3N+75BHmW\nyGPpnDbHC2X+Al1CMDnOtYDADrUjZbuFKQTNtubGZ95VHWGqOoECggEBAPNBpwSR\nAqEfDymICj/UUjskC+2lBap467ylBD/bxm2vvZHR1/HjmZTBHuHe59Uj54WDfuWO\nYZYNlkIr2FoQXHWYJNU3fabobxGy8Z2QTUqQfdytFEgJROCgYbxVODquTsUkW0zP\nYx8pj4hPsHz+/pbdRLpmM644esJeCdeYaJtZJtH4uS75uB+Bm6ajjbXZyppZnCCU\nFtED+dkvj8sLfbaTCQqZtPmJzdi1bA8vUREX9D8zZ88HYOgcegohME4tkGTjxbDH\nQTqf0dj6DAfCBLI6kwRLJO6tZc6nzaP97cT3L8/vp3AKKr4mP6tg0ofapeJlNqJ2\nS1BNdujq01Tv87UCggEBAOrxi7uL5WJvfXi9v0xMVa7urvLAwesLZo+FEdRNgqfn\nemr3YcTvO2NTP23j2oQ2o56j6GUP61blQ+71tVFiO8eL+/gF9TFTlddK5IdSRVgZ\n/LPl9aTtjZ8HmDFZaJeg2qYuJ0uYjKj6UjP+qnvE6jFfkwje5D9Vib35oF2uOX16\nwublNdDStlCBgs/smz9HK8vtFuznSbuSGmItAbjIMvA9hlcplPQ1OwfVrqel66uS\nErmLDG8uftrZh+S/aEaR1oiIUkqbvQywFN//hU1eYJwyIWl23yok4HJ6AEEQTIJO\nWD9P9KGOZm7H0bXx6l/ets/G2cC0nr5GQIrGl00MD0kCggEBAOUskhxkPbTsHQ3E\no9tUvhAHutEuKnNbrsQwNxuug3gtHIz3xNmX0sZpVx33MjUEuYd4xiGhDWEf9dLr\nmc3oIiOLrg/OUqvfyVxEWQtXuumnzVwNF9FyIhj6IHodU3c9ZuqmgPmRXNIsBpSm\ndyCb3+DkH275AHF/tm/Nxrn+VXcd+8vP5y9Rhtzv72OELOsJf64BBG1Q91n9w/KQ\ns4jYj5xlVBxPiUebQ3qKGX8I1fgjuDGezYsnaW3j/jny4J6WoLXcPRB5+IMxtLMV\niCX67Q+4zW87GFVguUyDnOKGRe7N7paZMwcEHRa91DgyZMYnASeUsW9HwVarVH7F\nVUptMg0CggEBANQ1Rowo6RDHOSKk6LQGwuHVzwmO19jwnDuH6znCpP/5kdYqChIy\nL4cge0tLomUHYTR6Qf9+qIf9XyXoo1SWEP7FTtqQrw5VvCMRD2e3BNF1742iaQUG\nWIPK/Umdw14puTSevXmHmY1LRJKYNO7ERvA/rnQ1tx4JqfeBELttEZpoFsEtSTWM\nDYab5EbgJL28EDAKv0lOA4g7iD8i/cokcfYS7FOwSE1oAyCpfi8JK9v1fZo/oQSP\nj58nGpqf1JThR1BdKU8galqadNB6YLIoS8Tpdspmx12un1hnH/GkwiZ0kzrkgkam\nc5kePSpFDvh3FtKHfsmTm0qr88IlbCX4fZkCggEBAJJN7Zfp9SzmEtmkQqEynpz8\nfVVv0neRRiZC43DQu0osLamQFMyEv6RoSJNn2N3GG7u34VUoPR7hNvkkUMcsY6Xd\n0TRqmNQenPy7fTPA6+U7/uQ0fxKjF5Oq/X4hWhPRuhppQJQCJmq1RV1qR6nr1DxJ\nlqRQII1HUyp7VRXiwDxZO2vOTDO50CoJwwgwt8ZiGIa5M+42yIMwdgGBTWM7uGc8\n6FAQoM78Z51cGktqxOTkJjVbCbXz+5fcdMAfGSaSAUamMcr1YHl4CkMeqYDRB51a\nlMsSFMySUVdLARk2X3qyrtBN6gYXPX8Hc/LdX+838w9aGFyH+vQnaYiwg7K9AkI=\n-----END RSA PRIVATE KEY-----\n",
            "public_key_fingerprint_md5": "57:10:58:33:c2:51:04:2a:88:ea:8f:a1:24:f6:c2:72",
            "public_key_openssh": "ssh-rsa AAAAB3NzaC1yc2EAAAADAQABAAACAQDfP4g/Q2wCxWDz5FKzxDtW5XD6XzgAGzBh7UJPbShzTaso4EFdggcZgRb3zDiSna0JcY0vxyHwQYi/ZDOSCTK0JArCx0kwzj2MkoCE5EMj2upw7iD3ZEGsUY//+mTqAA2IFAl2AVWY8Bd0hP1qajMPBIBHSf+06LbkrFX9HyApzs3GC1mnR7oJDBWddKpGxQw2EDXZK2JSGLAqulTcPPXYhhAtTCoJ2uCmnwZoNPgPQdajwu0a8nFYfACb9KuZW/acIB1yYZjvVQFduyLNezbbqDmNdg5AVuHy1qaz26U2xJaWsVuv4QKnhHktIgK2iD1qoOosE4n5WvkGuzUVVg97mlCftLmM+5BI+sPYsBCv9c+VWQ3iJA5uaCBuIp/YNL461VCzUeGUMU2szek4gYMiFcTaX24uXAJNZ7g+ajdx5n08MAkYjIkGkAyw6761mTCZmQigr+kyz+uzxoOvGJcx1kvY7kChAuD/9Ahfx0nYgcayh1J9bx87eGlCbZteCxds1Jzg7Xms5QeB4lhGZkFuIEOROkLQS/BzQE3Aqof1ib5W3PLjqg7HG1t2FLi8h3/VRROmOvYuvBmZGgym2/+Ef22sGqvaEbEzKKHpumrsAg2JlTKs4Vv/S1HYrrsOWzry1TtNE1oOysbfBm7FHGfdcvBO5Ofwx7hwOj2NJTAZnQ==\n",
            "public_key_pem": "-----BEGIN PUBLIC KEY-----\nMIICIjANBgkqhkiG9w0BAQEFAAOCAg8AMIICCgKCAgEA3z+IP0NsAsVg8+RSs8Q7\nVuVw+l84ABswYe1CT20oc02rKOBBXYIHGYEW98w4kp2tCXGNL8ch8EGIv2Qzkgky\ntCQKwsdJMM49jJKAhORDI9rqcO4g92RBrFGP//pk6gANiBQJdgFVmPAXdIT9amoz\nDwSAR0n/tOi25KxV/R8gKc7NxgtZp0e6CQwVnXSqRsUMNhA12StiUhiwKrpU3Dz1\n2IYQLUwqCdrgpp8GaDT4D0HWo8LtGvJxWHwAm/SrmVv2nCAdcmGY71UBXbsizXs2\n26g5jXYOQFbh8tams9ulNsSWlrFbr+ECp4R5LSICtog9aqDqLBOJ+Vr5Brs1FVYP\ne5pQn7S5jPuQSPrD2LAQr/XPlVkN4iQObmggbiKf2DS+OtVQs1HhlDFNrM3pOIGD\nIhXE2l9uLlwCTWe4Pmo3ceZ9PDAJGIyJBpAMsOu+tZkwmZkIoK/pMs/rs8aDrxiX\nMdZL2O5AoQLg//QIX8dJ2IHGsodSfW8fO3hpQm2bXgsXbNSc4O15rOUHgeJYRmZB\nbiBDkTpC0Evwc0BNwKqH9Ym+Vtzy46oOxxtbdhS4vId/1UUTpjr2LrwZmRoMptv/\nhH9trBqr2hGxMyih6bpq7AINiZUyrOFb/0tR2K67Dls68tU7TRNaDsrG3wZuxRxn\n3XLwTuTn8Me4cDo9jSUwGZ0CAwEAAQ==\n-----END PUBLIC KEY-----\n",
            "rsa_bits": 4096
          },
          "sensitive_attributes": [],
          "private": "bnVsbA=="
        }
      ]
    }
  ]
}
